PODS:
  - BFPaperButton (2.0.18):
    - UIColor+BFPaperColors
  - Google-Maps-iOS-SDK (1.9.2)
  - ionicons (2.0.1)
  - ISHTTPOperation (1.2.0)
  - LFHeatMap (1.0.2)
  - Touchpose (1.2.0)
  - TYMActivityIndicatorView (0.3.2)
  - UIColor+BFPaperColors (1.7.1)

DEPENDENCIES:
  - BFPaperButton
  - Google-Maps-iOS-SDK
  - ionicons
  - ISHTTPOperation
  - LFHeatMap
  - Touchpose
  - TYMActivityIndicatorView

SPEC CHECKSUMS:
  BFPaperButton: 16b3ec9c2964d24f89f623a4113321d3f003ed60
  Google-Maps-iOS-SDK: 4c008abdb68e03ae125c7f674be841d369e2b3de
  ionicons: c7b0867373392e85c17f613d19ade04ccfbe5a7c
  ISHTTPOperation: dfe4b6b2b3d7803688b22df2c46ea9827081e723
  LFHeatMap: 433197b20e4d57a9502bc2a2a21300fa851ff3c6
  Touchpose: 219ef3dc3d1932b384ea502ec6df2f003667129b
  TYMActivityIndicatorView: 521860f0873be6bf3bbd21ee60d79cdef9f51055
  UIColor+BFPaperColors: b1efa4320e2f56c4b14f73232faf967ba0e5b4a2

COCOAPODS: 0.37.1
