PODS:
  - BFPaperButton (2.0.18):
    - UIColor+BFPaperColors
  - EAIntroView (2.7.4):
    - EARestrictedScrollView (~> 0.2.0)
  - EARestrictedScrollView (0.2.0)
  - Google-Maps-iOS-SDK (1.9.2)
  - ionicons (2.0.1)
  - ISHTTPOperation (1.2.0)
  - LFHeatMap (1.0.2)
  - MTStatusBarOverlay (0.9.1)
  - Touchpose (1.2.0)
  - TYMActivityIndicatorView (0.3.2)
  - UIColor+BFPaperColors (1.7.1)

DEPENDENCIES:
  - BFPaperButton
  - EAIntroView
  - Google-Maps-iOS-SDK
  - ionicons
  - ISHTTPOperation
  - LFHeatMap
  - MTStatusBarOverlay
  - Touchpose
  - TYMActivityIndicatorView

SPEC CHECKSUMS:
  BFPaperButton: 16b3ec9c2964d24f89f623a4113321d3f003ed60
  EAIntroView: 50b85eedf414260e61330070ffe5947e72493a62
  EARestrictedScrollView: f86d61e16c61d3e93c84f8e96e83122a2a3b7631
  Google-Maps-iOS-SDK: 7f89cc1edb3ca239a410e5bc83cd1e060db3a289
  ionicons: c7b0867373392e85c17f613d19ade04ccfbe5a7c
  ISHTTPOperation: dfe4b6b2b3d7803688b22df2c46ea9827081e723
  LFHeatMap: 433197b20e4d57a9502bc2a2a21300fa851ff3c6
  MTStatusBarOverlay: 258a1ee369f4dc4b94107d02cfd7f6b1317c421b
  Touchpose: 219ef3dc3d1932b384ea502ec6df2f003667129b
  TYMActivityIndicatorView: 521860f0873be6bf3bbd21ee60d79cdef9f51055
  UIColor+BFPaperColors: b1efa4320e2f56c4b14f73232faf967ba0e5b4a2

COCOAPODS: 0.37.1
